
Microsoft Visual Studio Solution File, Format Version 12.00
# Visual Studio Version 16
VisualStudioVersion = 16.0.30907.101
MinimumVisualStudioVersion = 10.0.40219.1
Project("{2150E333-8FDC-42A3-9474-1A3956D46DE8}") = "HomeWork_5_1", "HomeWork_5_1", "{7FD34656-CF97-4BFF-864F-F7A7EF4DC8C6}"
EndProject
Project("{2150E333-8FDC-42A3-9474-1A3956D46DE8}") = "HomeWork_5_2", "HomeWork_5_2", "{0E641241-61EC-4AD4-B5D5-AA12956A8684}"
EndProject
Project("{FAE04EC0-301F-11D3-BF4B-00C04F79EFBC}") = "HomeWork_5_2", "HomeWork_5_2\HomeWork_5_2.csproj", "{6072962A-815A-4FB6-8EA7-C3F28D7B6B1F}"
EndProject
Project("{2150E333-8FDC-42A3-9474-1A3956D46DE8}") = "HomeWork_5_3", "HomeWork_5_3", "{CF3BCDF6-00CF-4DBA-95F0-BF2CE557E0E3}"
EndProject
Project("{FAE04EC0-301F-11D3-BF4B-00C04F79EFBC}") = "HomeWork_5_3", "HomeWork_5_3\HomeWork_5_3.csproj", "{21B6D810-74A3-4391-A3D5-A8B138E26761}"
EndProject
Project("{FAE04EC0-301F-11D3-BF4B-00C04F79EFBC}") = "HomeWork_5_1_1", "HomeWork_5_1\HomeWork_5_1_1.csproj", "{C840122C-06F6-4C72-93F7-B37A5510D7BD}"
EndProject
Project("{2150E333-8FDC-42A3-9474-1A3956D46DE8}") = "HomeWork_5_4", "HomeWork_5_4", "{1C27D2C1-8DE3-4F09-BEAB-AB0167CBDC02}"
EndProject
Project("{FAE04EC0-301F-11D3-BF4B-00C04F79EFBC}") = "HomeWork_5_4", "HomeWork_5_4\HomeWork_5_4.csproj", "{3AE9F96B-7173-4A52-9A93-B82D5B0DBCC8}"
EndProject
Global
	GlobalSection(SolutionConfigurationPlatforms) = preSolution
		Debug|Any CPU = Debug|Any CPU
		Release|Any CPU = Release|Any CPU
	EndGlobalSection
	GlobalSection(ProjectConfigurationPlatforms) = postSolution
		{6072962A-815A-4FB6-8EA7-C3F28D7B6B1F}.Debug|Any CPU.ActiveCfg = Debug|Any CPU
		{6072962A-815A-4FB6-8EA7-C3F28D7B6B1F}.Debug|Any CPU.Build.0 = Debug|Any CPU
		{6072962A-815A-4FB6-8EA7-C3F28D7B6B1F}.Release|Any CPU.ActiveCfg = Release|Any CPU
		{6072962A-815A-4FB6-8EA7-C3F28D7B6B1F}.Release|Any CPU.Build.0 = Release|Any CPU
		{21B6D810-74A3-4391-A3D5-A8B138E26761}.Debug|Any CPU.ActiveCfg = Debug|Any CPU
		{21B6D810-74A3-4391-A3D5-A8B138E26761}.Debug|Any CPU.Build.0 = Debug|Any CPU
		{21B6D810-74A3-4391-A3D5-A8B138E26761}.Release|Any CPU.ActiveCfg = Release|Any CPU
		{21B6D810-74A3-4391-A3D5-A8B138E26761}.Release|Any CPU.Build.0 = Release|Any CPU
		{C840122C-06F6-4C72-93F7-B37A5510D7BD}.Debug|Any CPU.ActiveCfg = Debug|Any CPU
		{C840122C-06F6-4C72-93F7-B37A5510D7BD}.Debug|Any CPU.Build.0 = Debug|Any CPU
		{C840122C-06F6-4C72-93F7-B37A5510D7BD}.Release|Any CPU.ActiveCfg = Release|Any CPU
		{C840122C-06F6-4C72-93F7-B37A5510D7BD}.Release|Any CPU.Build.0 = Release|Any CPU
		{3AE9F96B-7173-4A52-9A93-B82D5B0DBCC8}.Debug|Any CPU.ActiveCfg = Debug|Any CPU
		{3AE9F96B-7173-4A52-9A93-B82D5B0DBCC8}.Debug|Any CPU.Build.0 = Debug|Any CPU
		{3AE9F96B-7173-4A52-9A93-B82D5B0DBCC8}.Release|Any CPU.ActiveCfg = Release|Any CPU
		{3AE9F96B-7173-4A52-9A93-B82D5B0DBCC8}.Release|Any CPU.Build.0 = Release|Any CPU
	EndGlobalSection
	GlobalSection(SolutionProperties) = preSolution
		HideSolutionNode = FALSE
	EndGlobalSection
	GlobalSection(NestedProjects) = preSolution
		{6072962A-815A-4FB6-8EA7-C3F28D7B6B1F} = {0E641241-61EC-4AD4-B5D5-AA12956A8684}
		{21B6D810-74A3-4391-A3D5-A8B138E26761} = {CF3BCDF6-00CF-4DBA-95F0-BF2CE557E0E3}
		{C840122C-06F6-4C72-93F7-B37A5510D7BD} = {7FD34656-CF97-4BFF-864F-F7A7EF4DC8C6}
		{3AE9F96B-7173-4A52-9A93-B82D5B0DBCC8} = {1C27D2C1-8DE3-4F09-BEAB-AB0167CBDC02}
	EndGlobalSection
	GlobalSection(ExtensibilityGlobals) = postSolution
		SolutionGuid = {B21B8CB3-8DB6-47C4-B2D4-45A72E4F960F}
	EndGlobalSection
EndGlobal
