
Microsoft Visual Studio Solution File, Format Version 12.00
# Visual Studio Version 16
VisualStudioVersion = 16.0.30907.101
MinimumVisualStudioVersion = 10.0.40219.1
Project("{FAE04EC0-301F-11D3-BF4B-00C04F79EFBC}") = "HomeWork_6", "HomeWork_6\HomeWork_6.csproj", "{7909C71A-0544-433C-9F04-72253741639F}"
EndProject
Global
	GlobalSection(SolutionConfigurationPlatforms) = preSolution
		Debug|Any CPU = Debug|Any CPU
		Release|Any CPU = Release|Any CPU
	EndGlobalSection
	GlobalSection(ProjectConfigurationPlatforms) = postSolution
		{7909C71A-0544-433C-9F04-72253741639F}.Debug|Any CPU.ActiveCfg = Debug|Any CPU
		{7909C71A-0544-433C-9F04-72253741639F}.Debug|Any CPU.Build.0 = Debug|Any CPU
		{7909C71A-0544-433C-9F04-72253741639F}.Release|Any CPU.ActiveCfg = Release|Any CPU
		{7909C71A-0544-433C-9F04-72253741639F}.Release|Any CPU.Build.0 = Release|Any CPU
	EndGlobalSection
	GlobalSection(SolutionProperties) = preSolution
		HideSolutionNode = FALSE
	EndGlobalSection
	GlobalSection(ExtensibilityGlobals) = postSolution
		SolutionGuid = {B754170B-D871-4D86-A2DB-EC8D049CBB70}
	EndGlobalSection
EndGlobal
