
Microsoft Visual Studio Solution File, Format Version 12.00
# Visual Studio Version 16
VisualStudioVersion = 16.0.30907.101
MinimumVisualStudioVersion = 10.0.40219.1
Project("{FAE04EC0-301F-11D3-BF4B-00C04F79EFBC}") = "HomeWork_4_2", "HomeWork_4_2\HomeWork_4_2.csproj", "{C9F8865D-CEE5-4C79-AC69-695675E39B13}"
EndProject
Project("{FAE04EC0-301F-11D3-BF4B-00C04F79EFBC}") = "HomeWork_4_1", "HomeWork_4_1\HomeWork_4_1.csproj", "{8DD3A1C4-29AC-4B7E-9E02-DD4622E7094B}"
EndProject
Project("{FAE04EC0-301F-11D3-BF4B-00C04F79EFBC}") = "HomeWork_4_3_1", "HomeWork_4_3_1\HomeWork_4_3_1.csproj", "{75A1B1A3-A14C-4B61-BE5C-48A0F97453BC}"
EndProject
Project("{FAE04EC0-301F-11D3-BF4B-00C04F79EFBC}") = "HomeWork_4_3_2", "HomeWork_4_3_2\HomeWork_4_3_2.csproj", "{84EB5D99-AB45-4BE5-8607-6561D2373C39}"
EndProject
Project("{FAE04EC0-301F-11D3-BF4B-00C04F79EFBC}") = "HomeWork_4_3_3", "HomeWork_4_3_3\HomeWork_4_3_3.csproj", "{A08D8A6C-767C-4881-88D4-D82EAF356C3F}"
EndProject
Global
	GlobalSection(SolutionConfigurationPlatforms) = preSolution
		Debug|Any CPU = Debug|Any CPU
		Release|Any CPU = Release|Any CPU
	EndGlobalSection
	GlobalSection(ProjectConfigurationPlatforms) = postSolution
		{C9F8865D-CEE5-4C79-AC69-695675E39B13}.Debug|Any CPU.ActiveCfg = Debug|Any CPU
		{C9F8865D-CEE5-4C79-AC69-695675E39B13}.Debug|Any CPU.Build.0 = Debug|Any CPU
		{C9F8865D-CEE5-4C79-AC69-695675E39B13}.Release|Any CPU.ActiveCfg = Release|Any CPU
		{C9F8865D-CEE5-4C79-AC69-695675E39B13}.Release|Any CPU.Build.0 = Release|Any CPU
		{8DD3A1C4-29AC-4B7E-9E02-DD4622E7094B}.Debug|Any CPU.ActiveCfg = Debug|Any CPU
		{8DD3A1C4-29AC-4B7E-9E02-DD4622E7094B}.Debug|Any CPU.Build.0 = Debug|Any CPU
		{8DD3A1C4-29AC-4B7E-9E02-DD4622E7094B}.Release|Any CPU.ActiveCfg = Release|Any CPU
		{8DD3A1C4-29AC-4B7E-9E02-DD4622E7094B}.Release|Any CPU.Build.0 = Release|Any CPU
		{75A1B1A3-A14C-4B61-BE5C-48A0F97453BC}.Debug|Any CPU.ActiveCfg = Debug|Any CPU
		{75A1B1A3-A14C-4B61-BE5C-48A0F97453BC}.Debug|Any CPU.Build.0 = Debug|Any CPU
		{75A1B1A3-A14C-4B61-BE5C-48A0F97453BC}.Release|Any CPU.ActiveCfg = Release|Any CPU
		{75A1B1A3-A14C-4B61-BE5C-48A0F97453BC}.Release|Any CPU.Build.0 = Release|Any CPU
		{84EB5D99-AB45-4BE5-8607-6561D2373C39}.Debug|Any CPU.ActiveCfg = Debug|Any CPU
		{84EB5D99-AB45-4BE5-8607-6561D2373C39}.Debug|Any CPU.Build.0 = Debug|Any CPU
		{84EB5D99-AB45-4BE5-8607-6561D2373C39}.Release|Any CPU.ActiveCfg = Release|Any CPU
		{84EB5D99-AB45-4BE5-8607-6561D2373C39}.Release|Any CPU.Build.0 = Release|Any CPU
		{A08D8A6C-767C-4881-88D4-D82EAF356C3F}.Debug|Any CPU.ActiveCfg = Debug|Any CPU
		{A08D8A6C-767C-4881-88D4-D82EAF356C3F}.Debug|Any CPU.Build.0 = Debug|Any CPU
		{A08D8A6C-767C-4881-88D4-D82EAF356C3F}.Release|Any CPU.ActiveCfg = Release|Any CPU
		{A08D8A6C-767C-4881-88D4-D82EAF356C3F}.Release|Any CPU.Build.0 = Release|Any CPU
	EndGlobalSection
	GlobalSection(SolutionProperties) = preSolution
		HideSolutionNode = FALSE
	EndGlobalSection
	GlobalSection(ExtensibilityGlobals) = postSolution
		SolutionGuid = {6D7D7A0D-08CC-42D5-A502-1F92ABA7E887}
	EndGlobalSection
EndGlobal
